
Microsoft Visual Studio Solution File, Format Version 12.00
# Visual Studio Version 17
VisualStudioVersion = 17.0.31903.59
MinimumVisualStudioVersion = 10.0.40219.1
Project("{2150E333-8FDC-42A3-9474-1A3956D46DE8}") = "src", "src", "{DFB5E6EE-B017-40FD-BC67-CE0471060A68}"
EndProject
Project("{9A19103F-16F7-4668-BE54-9A1E7A4F7556}") = "Pretender", "src\Pretender\Pretender.csproj", "{F22B60A6-3E45-42EE-842D-321232A90968}"
EndProject
Project("{9A19103F-16F7-4668-BE54-9A1E7A4F7556}") = "Pretender.SourceGenerator", "src\Pretender.SourceGenerator\Pretender.SourceGenerator.csproj", "{90CC0802-39BB-4390-8A06-C7FD0C14D5C7}"
EndProject
Project("{2150E333-8FDC-42A3-9474-1A3956D46DE8}") = "test", "test", "{2667A3D7-30CA-4DF5-B2F4-A7554C6D3ADD}"
EndProject
Project("{9A19103F-16F7-4668-BE54-9A1E7A4F7556}") = "SourceGeneratorTests", "test\SourceGeneratorTests\SourceGeneratorTests.csproj", "{09EB76D6-C82D-48A9-A0F7-B9BCC10B7621}"
EndProject
Project("{2150E333-8FDC-42A3-9474-1A3956D46DE8}") = "Solution Items", "Solution Items", "{9E33F6C1-8032-4CCA-A485-685B730A6EAE}"
	ProjectSection(SolutionItems) = preProject
		.editorconfig = .editorconfig
		README.md = README.md
	EndProjectSection
EndProject
Project("{9A19103F-16F7-4668-BE54-9A1E7A4F7556}") = "Example", "example\Example.csproj", "{6D387D31-B80A-4E0C-A0F8-066185964A44}"
EndProject
Project("{2150E333-8FDC-42A3-9474-1A3956D46DE8}") = "perf", "perf", "{DA78B66F-EE75-46B5-8EC8-6F498A8AFC64}"
EndProject
Project("{9A19103F-16F7-4668-BE54-9A1E7A4F7556}") = "Comparison", "perf\Comparison\Comparison.csproj", "{96C653E3-D10B-47A0-8E42-0B93119AE145}"
EndProject
Project("{FAE04EC0-301F-11D3-BF4B-00C04F79EFBC}") = "Pretender.Tests", "test\Pretender.Tests\Pretender.Tests.csproj", "{17552274-CC28-438A-80BB-4A161F95AB11}"
EndProject
Global
	GlobalSection(SolutionConfigurationPlatforms) = preSolution
		Debug|Any CPU = Debug|Any CPU
		Debug|x64 = Debug|x64
		Debug|x86 = Debug|x86
		Release|Any CPU = Release|Any CPU
		Release|x64 = Release|x64
		Release|x86 = Release|x86
	EndGlobalSection
	GlobalSection(ProjectConfigurationPlatforms) = postSolution
		{F22B60A6-3E45-42EE-842D-321232A90968}.Debug|Any CPU.ActiveCfg = Debug|Any CPU
		{F22B60A6-3E45-42EE-842D-321232A90968}.Debug|Any CPU.Build.0 = Debug|Any CPU
		{F22B60A6-3E45-42EE-842D-321232A90968}.Debug|x64.ActiveCfg = Debug|Any CPU
		{F22B60A6-3E45-42EE-842D-321232A90968}.Debug|x64.Build.0 = Debug|Any CPU
		{F22B60A6-3E45-42EE-842D-321232A90968}.Debug|x86.ActiveCfg = Debug|Any CPU
		{F22B60A6-3E45-42EE-842D-321232A90968}.Debug|x86.Build.0 = Debug|Any CPU
		{F22B60A6-3E45-42EE-842D-321232A90968}.Release|Any CPU.ActiveCfg = Release|Any CPU
		{F22B60A6-3E45-42EE-842D-321232A90968}.Release|Any CPU.Build.0 = Release|Any CPU
		{F22B60A6-3E45-42EE-842D-321232A90968}.Release|x64.ActiveCfg = Release|Any CPU
		{F22B60A6-3E45-42EE-842D-321232A90968}.Release|x64.Build.0 = Release|Any CPU
		{F22B60A6-3E45-42EE-842D-321232A90968}.Release|x86.ActiveCfg = Release|Any CPU
		{F22B60A6-3E45-42EE-842D-321232A90968}.Release|x86.Build.0 = Release|Any CPU
		{90CC0802-39BB-4390-8A06-C7FD0C14D5C7}.Debug|Any CPU.ActiveCfg = Debug|Any CPU
		{90CC0802-39BB-4390-8A06-C7FD0C14D5C7}.Debug|Any CPU.Build.0 = Debug|Any CPU
		{90CC0802-39BB-4390-8A06-C7FD0C14D5C7}.Debug|x64.ActiveCfg = Debug|Any CPU
		{90CC0802-39BB-4390-8A06-C7FD0C14D5C7}.Debug|x64.Build.0 = Debug|Any CPU
		{90CC0802-39BB-4390-8A06-C7FD0C14D5C7}.Debug|x86.ActiveCfg = Debug|Any CPU
		{90CC0802-39BB-4390-8A06-C7FD0C14D5C7}.Debug|x86.Build.0 = Debug|Any CPU
		{90CC0802-39BB-4390-8A06-C7FD0C14D5C7}.Release|Any CPU.ActiveCfg = Release|Any CPU
		{90CC0802-39BB-4390-8A06-C7FD0C14D5C7}.Release|Any CPU.Build.0 = Release|Any CPU
		{90CC0802-39BB-4390-8A06-C7FD0C14D5C7}.Release|x64.ActiveCfg = Release|Any CPU
		{90CC0802-39BB-4390-8A06-C7FD0C14D5C7}.Release|x64.Build.0 = Release|Any CPU
		{90CC0802-39BB-4390-8A06-C7FD0C14D5C7}.Release|x86.ActiveCfg = Release|Any CPU
		{90CC0802-39BB-4390-8A06-C7FD0C14D5C7}.Release|x86.Build.0 = Release|Any CPU
		{09EB76D6-C82D-48A9-A0F7-B9BCC10B7621}.Debug|Any CPU.ActiveCfg = Debug|Any CPU
		{09EB76D6-C82D-48A9-A0F7-B9BCC10B7621}.Debug|Any CPU.Build.0 = Debug|Any CPU
		{09EB76D6-C82D-48A9-A0F7-B9BCC10B7621}.Debug|x64.ActiveCfg = Debug|Any CPU
		{09EB76D6-C82D-48A9-A0F7-B9BCC10B7621}.Debug|x64.Build.0 = Debug|Any CPU
		{09EB76D6-C82D-48A9-A0F7-B9BCC10B7621}.Debug|x86.ActiveCfg = Debug|Any CPU
		{09EB76D6-C82D-48A9-A0F7-B9BCC10B7621}.Debug|x86.Build.0 = Debug|Any CPU
		{09EB76D6-C82D-48A9-A0F7-B9BCC10B7621}.Release|Any CPU.ActiveCfg = Release|Any CPU
		{09EB76D6-C82D-48A9-A0F7-B9BCC10B7621}.Release|Any CPU.Build.0 = Release|Any CPU
		{09EB76D6-C82D-48A9-A0F7-B9BCC10B7621}.Release|x64.ActiveCfg = Release|Any CPU
		{09EB76D6-C82D-48A9-A0F7-B9BCC10B7621}.Release|x64.Build.0 = Release|Any CPU
		{09EB76D6-C82D-48A9-A0F7-B9BCC10B7621}.Release|x86.ActiveCfg = Release|Any CPU
		{09EB76D6-C82D-48A9-A0F7-B9BCC10B7621}.Release|x86.Build.0 = Release|Any CPU
		{6D387D31-B80A-4E0C-A0F8-066185964A44}.Debug|Any CPU.ActiveCfg = Debug|Any CPU
		{6D387D31-B80A-4E0C-A0F8-066185964A44}.Debug|Any CPU.Build.0 = Debug|Any CPU
		{6D387D31-B80A-4E0C-A0F8-066185964A44}.Debug|x64.ActiveCfg = Debug|Any CPU
		{6D387D31-B80A-4E0C-A0F8-066185964A44}.Debug|x64.Build.0 = Debug|Any CPU
		{6D387D31-B80A-4E0C-A0F8-066185964A44}.Debug|x86.ActiveCfg = Debug|Any CPU
		{6D387D31-B80A-4E0C-A0F8-066185964A44}.Debug|x86.Build.0 = Debug|Any CPU
		{6D387D31-B80A-4E0C-A0F8-066185964A44}.Release|Any CPU.ActiveCfg = Release|Any CPU
		{6D387D31-B80A-4E0C-A0F8-066185964A44}.Release|Any CPU.Build.0 = Release|Any CPU
		{6D387D31-B80A-4E0C-A0F8-066185964A44}.Release|x64.ActiveCfg = Release|Any CPU
		{6D387D31-B80A-4E0C-A0F8-066185964A44}.Release|x64.Build.0 = Release|Any CPU
		{6D387D31-B80A-4E0C-A0F8-066185964A44}.Release|x86.ActiveCfg = Release|Any CPU
		{6D387D31-B80A-4E0C-A0F8-066185964A44}.Release|x86.Build.0 = Release|Any CPU
		{96C653E3-D10B-47A0-8E42-0B93119AE145}.Debug|Any CPU.ActiveCfg = Debug|Any CPU
		{96C653E3-D10B-47A0-8E42-0B93119AE145}.Debug|Any CPU.Build.0 = Debug|Any CPU
		{96C653E3-D10B-47A0-8E42-0B93119AE145}.Debug|x64.ActiveCfg = Debug|Any CPU
		{96C653E3-D10B-47A0-8E42-0B93119AE145}.Debug|x64.Build.0 = Debug|Any CPU
		{96C653E3-D10B-47A0-8E42-0B93119AE145}.Debug|x86.ActiveCfg = Debug|Any CPU
		{96C653E3-D10B-47A0-8E42-0B93119AE145}.Debug|x86.Build.0 = Debug|Any CPU
		{96C653E3-D10B-47A0-8E42-0B93119AE145}.Release|Any CPU.ActiveCfg = Release|Any CPU
		{96C653E3-D10B-47A0-8E42-0B93119AE145}.Release|Any CPU.Build.0 = Release|Any CPU
		{96C653E3-D10B-47A0-8E42-0B93119AE145}.Release|x64.ActiveCfg = Release|Any CPU
		{96C653E3-D10B-47A0-8E42-0B93119AE145}.Release|x64.Build.0 = Release|Any CPU
		{96C653E3-D10B-47A0-8E42-0B93119AE145}.Release|x86.ActiveCfg = Release|Any CPU
		{96C653E3-D10B-47A0-8E42-0B93119AE145}.Release|x86.Build.0 = Release|Any CPU
		{17552274-CC28-438A-80BB-4A161F95AB11}.Debug|Any CPU.ActiveCfg = Debug|Any CPU
		{17552274-CC28-438A-80BB-4A161F95AB11}.Debug|Any CPU.Build.0 = Debug|Any CPU
		{17552274-CC28-438A-80BB-4A161F95AB11}.Debug|x64.ActiveCfg = Debug|Any CPU
		{17552274-CC28-438A-80BB-4A161F95AB11}.Debug|x64.Build.0 = Debug|Any CPU
		{17552274-CC28-438A-80BB-4A161F95AB11}.Debug|x86.ActiveCfg = Debug|Any CPU
		{17552274-CC28-438A-80BB-4A161F95AB11}.Debug|x86.Build.0 = Debug|Any CPU
		{17552274-CC28-438A-80BB-4A161F95AB11}.Release|Any CPU.ActiveCfg = Release|Any CPU
		{17552274-CC28-438A-80BB-4A161F95AB11}.Release|Any CPU.Build.0 = Release|Any CPU
		{17552274-CC28-438A-80BB-4A161F95AB11}.Release|x64.ActiveCfg = Release|Any CPU
		{17552274-CC28-438A-80BB-4A161F95AB11}.Release|x64.Build.0 = Release|Any CPU
		{17552274-CC28-438A-80BB-4A161F95AB11}.Release|x86.ActiveCfg = Release|Any CPU
		{17552274-CC28-438A-80BB-4A161F95AB11}.Release|x86.Build.0 = Release|Any CPU
	EndGlobalSection
	GlobalSection(SolutionProperties) = preSolution
		HideSolutionNode = FALSE
	EndGlobalSection
	GlobalSection(NestedProjects) = preSolution
		{F22B60A6-3E45-42EE-842D-321232A90968} = {DFB5E6EE-B017-40FD-BC67-CE0471060A68}
		{90CC0802-39BB-4390-8A06-C7FD0C14D5C7} = {DFB5E6EE-B017-40FD-BC67-CE0471060A68}
		{09EB76D6-C82D-48A9-A0F7-B9BCC10B7621} = {2667A3D7-30CA-4DF5-B2F4-A7554C6D3ADD}
		{96C653E3-D10B-47A0-8E42-0B93119AE145} = {DA78B66F-EE75-46B5-8EC8-6F498A8AFC64}
		{17552274-CC28-438A-80BB-4A161F95AB11} = {2667A3D7-30CA-4DF5-B2F4-A7554C6D3ADD}
	EndGlobalSection
	GlobalSection(ExtensibilityGlobals) = postSolution
		SolutionGuid = {FD826CBD-9A31-44A4-B352-E637B9FABD6B}
	EndGlobalSection
EndGlobal
